
Microsoft Visual Studio Solution File, Format Version 12.00
# Visual Studio Version 16
VisualStudioVersion = 16.0.30611.23
MinimumVisualStudioVersion = 10.0.40219.1
Project("{FAE04EC0-301F-11D3-BF4B-00C04F79EFBC}") = "PixeloromaWeb", "PixeloromaWeb\PixeloromaWeb.csproj", "{2F365BD0-DA90-4EF8-803C-F701B21B5292}"
EndProject
Global
	GlobalSection(SolutionConfigurationPlatforms) = preSolution
		Debug|Any CPU = Debug|Any CPU
		Release|Any CPU = Release|Any CPU
	EndGlobalSection
	GlobalSection(ProjectConfigurationPlatforms) = postSolution
		{2F365BD0-DA90-4EF8-803C-F701B21B5292}.Debug|Any CPU.ActiveCfg = Debug|Any CPU
		{2F365BD0-DA90-4EF8-803C-F701B21B5292}.Debug|Any CPU.Build.0 = Debug|Any CPU
		{2F365BD0-DA90-4EF8-803C-F701B21B5292}.Release|Any CPU.ActiveCfg = Release|Any CPU
		{2F365BD0-DA90-4EF8-803C-F701B21B5292}.Release|Any CPU.Build.0 = Release|Any CPU
	EndGlobalSection
	GlobalSection(SolutionProperties) = preSolution
		HideSolutionNode = FALSE
	EndGlobalSection
	GlobalSection(ExtensibilityGlobals) = postSolution
		SolutionGuid = {EEF1C714-5D5B-48B7-A43D-CDCE1DD9BB03}
	EndGlobalSection
EndGlobal
